// !$*UTF8*$!
{
	archiveVersion = 1;
	classes = {
	};
	objectVersion = 48;
	objects = {

/* Begin PBXBuildFile section */
		54241BE1003A0C3020DDAFE9 /* Pods_Memechat_Frontend.framework in Frameworks */ = {isa = PBXBuildFile; fileRef = 76E0B9E485ED1AB25F25EDDA /* Pods_Memechat_Frontend.framework */; };
		EC3000DA20976749005EC0C9 /* AppDelegate.swift in Sources */ = {isa = PBXBuildFile; fileRef = EC3000D920976749005EC0C9 /* AppDelegate.swift */; };
		EC3000DC20976749005EC0C9 /* ChatViewController.swift in Sources */ = {isa = PBXBuildFile; fileRef = EC3000DB20976749005EC0C9 /* ChatViewController.swift */; };
		EC3000DF20976749005EC0C9 /* Main.storyboard in Resources */ = {isa = PBXBuildFile; fileRef = EC3000DD20976749005EC0C9 /* Main.storyboard */; };
		EC3000E120976749005EC0C9 /* Assets.xcassets in Resources */ = {isa = PBXBuildFile; fileRef = EC3000E020976749005EC0C9 /* Assets.xcassets */; };
		EC3000E420976749005EC0C9 /* LaunchScreen.storyboard in Resources */ = {isa = PBXBuildFile; fileRef = EC3000E220976749005EC0C9 /* LaunchScreen.storyboard */; };
/* End PBXBuildFile section */

/* Begin PBXFileReference section */
		0B02ECF762FF07588861F1D8 /* Pods-Memechat-Frontend.debug.xcconfig */ = {isa = PBXFileReference; includeInIndex = 1; lastKnownFileType = text.xcconfig; name = "Pods-Memechat-Frontend.debug.xcconfig"; path = "Pods/Target Support Files/Pods-Memechat-Frontend/Pods-Memechat-Frontend.debug.xcconfig"; sourceTree = "<group>"; };
		68E9DD2D73FE1214ACA9A6FF /* Pods-Memechat-Frontend.release.xcconfig */ = {isa = PBXFileReference; includeInIndex = 1; lastKnownFileType = text.xcconfig; name = "Pods-Memechat-Frontend.release.xcconfig"; path = "Pods/Target Support Files/Pods-Memechat-Frontend/Pods-Memechat-Frontend.release.xcconfig"; sourceTree = "<group>"; };
		76E0B9E485ED1AB25F25EDDA /* Pods_Memechat_Frontend.framework */ = {isa = PBXFileReference; explicitFileType = wrapper.framework; includeInIndex = 0; path = Pods_Memechat_Frontend.framework; sourceTree = BUILT_PRODUCTS_DIR; };
		EC3000D620976749005EC0C9 /* Memechat-Frontend.app */ = {isa = PBXFileReference; explicitFileType = wrapper.application; includeInIndex = 0; path = "Memechat-Frontend.app"; sourceTree = BUILT_PRODUCTS_DIR; };
		EC3000D920976749005EC0C9 /* AppDelegate.swift */ = {isa = PBXFileReference; lastKnownFileType = sourcecode.swift; path = AppDelegate.swift; sourceTree = "<group>"; };
		EC3000DB20976749005EC0C9 /* ChatViewController.swift */ = {isa = PBXFileReference; lastKnownFileType = sourcecode.swift; path = ChatViewController.swift; sourceTree = "<group>"; };
		EC3000DE20976749005EC0C9 /* Base */ = {isa = PBXFileReference; lastKnownFileType = file.storyboard; name = Base; path = Base.lproj/Main.storyboard; sourceTree = "<group>"; };
		EC3000E020976749005EC0C9 /* Assets.xcassets */ = {isa = PBXFileReference; lastKnownFileType = folder.assetcatalog; path = Assets.xcassets; sourceTree = "<group>"; };
		EC3000E320976749005EC0C9 /* Base */ = {isa = PBXFileReference; lastKnownFileType = file.storyboard; name = Base; path = Base.lproj/LaunchScreen.storyboard; sourceTree = "<group>"; };
		EC3000E520976749005EC0C9 /* Info.plist */ = {isa = PBXFileReference; lastKnownFileType = text.plist.xml; path = Info.plist; sourceTree = "<group>"; };
		EC9B49C420976C18003AAF75 /* Bridging-Header.h */ = {isa = PBXFileReference; lastKnownFileType = sourcecode.c.h; path = "Bridging-Header.h"; sourceTree = "<group>"; };
/* End PBXFileReference section */

/* Begin PBXFrameworksBuildPhase section */
		EC3000D320976749005EC0C9 /* Frameworks */ = {
			isa = PBXFrameworksBuildPhase;
			buildActionMask = 2147483647;
			files = (
				54241BE1003A0C3020DDAFE9 /* Pods_Memechat_Frontend.framework in Frameworks */,
			);
			runOnlyForDeploymentPostprocessing = 0;
		};
/* End PBXFrameworksBuildPhase section */

/* Begin PBXGroup section */
		171356991F95C40C365918E9 /* Pods */ = {
			isa = PBXGroup;
			children = (
				0B02ECF762FF07588861F1D8 /* Pods-Memechat-Frontend.debug.xcconfig */,
				68E9DD2D73FE1214ACA9A6FF /* Pods-Memechat-Frontend.release.xcconfig */,
			);
			name = Pods;
			sourceTree = "<group>";
		};
		7A5B2317677CA9098A3B648C /* Frameworks */ = {
			isa = PBXGroup;
			children = (
				76E0B9E485ED1AB25F25EDDA /* Pods_Memechat_Frontend.framework */,
			);
			name = Frameworks;
			sourceTree = "<group>";
		};
		EC3000CD20976749005EC0C9 = {
			isa = PBXGroup;
			children = (
				EC9B49C420976C18003AAF75 /* Bridging-Header.h */,
				EC3000D820976749005EC0C9 /* Memechat-Frontend */,
				EC3000D720976749005EC0C9 /* Products */,
				171356991F95C40C365918E9 /* Pods */,
				7A5B2317677CA9098A3B648C /* Frameworks */,
			);
			sourceTree = "<group>";
		};
		EC3000D720976749005EC0C9 /* Products */ = {
			isa = PBXGroup;
			children = (
				EC3000D620976749005EC0C9 /* Memechat-Frontend.app */,
			);
			name = Products;
			sourceTree = "<group>";
		};
		EC3000D820976749005EC0C9 /* Memechat-Frontend */ = {
			isa = PBXGroup;
			children = (
				EC3000D920976749005EC0C9 /* AppDelegate.swift */,
				EC3000DB20976749005EC0C9 /* ChatViewController.swift */,
				EC3000DD20976749005EC0C9 /* Main.storyboard */,
				EC3000E020976749005EC0C9 /* Assets.xcassets */,
				EC3000E220976749005EC0C9 /* LaunchScreen.storyboard */,
				EC3000E520976749005EC0C9 /* Info.plist */,
			);
			path = "Memechat-Frontend";
			sourceTree = "<group>";
		};
/* End PBXGroup section */

/* Begin PBXNativeTarget section */
		EC3000D520976749005EC0C9 /* Memechat-Frontend */ = {
			isa = PBXNativeTarget;
			buildConfigurationList = EC3000E820976749005EC0C9 /* Build configuration list for PBXNativeTarget "Memechat-Frontend" */;
			buildPhases = (
				AF02A9587E45630CFC7AA394 /* [CP] Check Pods Manifest.lock */,
				EC3000D220976749005EC0C9 /* Sources */,
				EC3000D320976749005EC0C9 /* Frameworks */,
				EC3000D420976749005EC0C9 /* Resources */,
				96B8311E54F0F719583A2CC2 /* [CP] Embed Pods Frameworks */,
				E7F747523793EBBCE2E73DB5 /* [CP] Copy Pods Resources */,
			);
			buildRules = (
			);
			dependencies = (
			);
			name = "Memechat-Frontend";
			productName = "Memechat-Frontend";
			productReference = EC3000D620976749005EC0C9 /* Memechat-Frontend.app */;
			productType = "com.apple.product-type.application";
		};
/* End PBXNativeTarget section */

/* Begin PBXProject section */
		EC3000CE20976749005EC0C9 /* Project object */ = {
			isa = PBXProject;
			attributes = {
				LastSwiftUpdateCheck = 0900;
				LastUpgradeCheck = 0900;
				ORGANIZATIONNAME = "App Solutions";
				TargetAttributes = {
					EC3000D520976749005EC0C9 = {
						CreatedOnToolsVersion = 9.0;
						ProvisioningStyle = Automatic;
					};
				};
			};
			buildConfigurationList = EC3000D120976749005EC0C9 /* Build configuration list for PBXProject "Memechat-Frontend" */;
			compatibilityVersion = "Xcode 8.0";
			developmentRegion = en;
			hasScannedForEncodings = 0;
			knownRegions = (
				en,
				Base,
			);
			mainGroup = EC3000CD20976749005EC0C9;
			productRefGroup = EC3000D720976749005EC0C9 /* Products */;
			projectDirPath = "";
			projectRoot = "";
			targets = (
				EC3000D520976749005EC0C9 /* Memechat-Frontend */,
			);
		};
/* End PBXProject section */

/* Begin PBXResourcesBuildPhase section */
		EC3000D420976749005EC0C9 /* Resources */ = {
			isa = PBXResourcesBuildPhase;
			buildActionMask = 2147483647;
			files = (
				EC3000E420976749005EC0C9 /* LaunchScreen.storyboard in Resources */,
				EC3000E120976749005EC0C9 /* Assets.xcassets in Resources */,
				EC3000DF20976749005EC0C9 /* Main.storyboard in Resources */,
			);
			runOnlyForDeploymentPostprocessing = 0;
		};
/* End PBXResourcesBuildPhase section */

/* Begin PBXShellScriptBuildPhase section */
		96B8311E54F0F719583A2CC2 /* [CP] Embed Pods Frameworks */ = {
			isa = PBXShellScriptBuildPhase;
			buildActionMask = 2147483647;
			files = (
			);
			inputPaths = (
				"${SRCROOT}/Pods/Target Support Files/Pods-Memechat-Frontend/Pods-Memechat-Frontend-frameworks.sh",
				"${BUILT_PRODUCTS_DIR}/GTMSessionFetcher/GTMSessionFetcher.framework",
				"${BUILT_PRODUCTS_DIR}/GoogleToolboxForMac/GoogleToolboxForMac.framework",
				"${BUILT_PRODUCTS_DIR}/MessageKit/MessageKit.framework",
				"${BUILT_PRODUCTS_DIR}/leveldb-library/leveldb.framework",
				"${BUILT_PRODUCTS_DIR}/nanopb/nanopb.framework",
			);
			name = "[CP] Embed Pods Frameworks";
			outputPaths = (
				"${TARGET_BUILD_DIR}/${FRAMEWORKS_FOLDER_PATH}/GTMSessionFetcher.framework",
				"${TARGET_BUILD_DIR}/${FRAMEWORKS_FOLDER_PATH}/GoogleToolboxForMac.framework",
				"${TARGET_BUILD_DIR}/${FRAMEWORKS_FOLDER_PATH}/MessageKit.framework",
				"${TARGET_BUILD_DIR}/${FRAMEWORKS_FOLDER_PATH}/leveldb.framework",
				"${TARGET_BUILD_DIR}/${FRAMEWORKS_FOLDER_PATH}/nanopb.framework",
			);
			runOnlyForDeploymentPostprocessing = 0;
			shellPath = /bin/sh;
			shellScript = "\"${SRCROOT}/Pods/Target Support Files/Pods-Memechat-Frontend/Pods-Memechat-Frontend-frameworks.sh\"\n";
			showEnvVarsInLog = 0;
		};
		AF02A9587E45630CFC7AA394 /* [CP] Check Pods Manifest.lock */ = {
			isa = PBXShellScriptBuildPhase;
			buildActionMask = 2147483647;
			files = (
			);
			inputPaths = (
				"${PODS_PODFILE_DIR_PATH}/Podfile.lock",
				"${PODS_ROOT}/Manifest.lock",
			);
			name = "[CP] Check Pods Manifest.lock";
			outputPaths = (
				"$(DERIVED_FILE_DIR)/Pods-Memechat-Frontend-checkManifestLockResult.txt",
			);
			runOnlyForDeploymentPostprocessing = 0;
			shellPath = /bin/sh;
			shellScript = "diff \"${PODS_PODFILE_DIR_PATH}/Podfile.lock\" \"${PODS_ROOT}/Manifest.lock\" > /dev/null\nif [ $? != 0 ] ; then\n    # print error to STDERR\n    echo \"error: The sandbox is not in sync with the Podfile.lock. Run 'pod install' or update your CocoaPods installation.\" >&2\n    exit 1\nfi\n# This output is used by Xcode 'outputs' to avoid re-running this script phase.\necho \"SUCCESS\" > \"${SCRIPT_OUTPUT_FILE_0}\"\n";
			showEnvVarsInLog = 0;
		};
		E7F747523793EBBCE2E73DB5 /* [CP] Copy Pods Resources */ = {
			isa = PBXShellScriptBuildPhase;
			buildActionMask = 2147483647;
			files = (
			);
			inputPaths = (
			);
			name = "[CP] Copy Pods Resources";
			outputPaths = (
			);
			runOnlyForDeploymentPostprocessing = 0;
			shellPath = /bin/sh;
			shellScript = "\"${SRCROOT}/Pods/Target Support Files/Pods-Memechat-Frontend/Pods-Memechat-Frontend-resources.sh\"\n";
			showEnvVarsInLog = 0;
		};
/* End PBXShellScriptBuildPhase section */

/* Begin PBXSourcesBuildPhase section */
		EC3000D220976749005EC0C9 /* Sources */ = {
			isa = PBXSourcesBuildPhase;
			buildActionMask = 2147483647;
			files = (
				EC3000DC20976749005EC0C9 /* ChatViewController.swift in Sources */,
				EC3000DA20976749005EC0C9 /* AppDelegate.swift in Sources */,
			);
			runOnlyForDeploymentPostprocessing = 0;
		};
/* End PBXSourcesBuildPhase section */

/* Begin PBXVariantGroup section */
		EC3000DD20976749005EC0C9 /* Main.storyboard */ = {
			isa = PBXVariantGroup;
			children = (
				EC3000DE20976749005EC0C9 /* Base */,
			);
			name = Main.storyboard;
			sourceTree = "<group>";
		};
		EC3000E220976749005EC0C9 /* LaunchScreen.storyboard */ = {
			isa = PBXVariantGroup;
			children = (
				EC3000E320976749005EC0C9 /* Base */,
			);
			name = LaunchScreen.storyboard;
			sourceTree = "<group>";
		};
/* End PBXVariantGroup section */

/* Begin XCBuildConfiguration section */
		EC3000E620976749005EC0C9 /* Debug */ = {
			isa = XCBuildConfiguration;
			buildSettings = {
				ALWAYS_SEARCH_USER_PATHS = NO;
				CLANG_ANALYZER_NONNULL = YES;
				CLANG_ANALYZER_NUMBER_OBJECT_CONVERSION = YES_AGGRESSIVE;
				CLANG_CXX_LANGUAGE_STANDARD = "gnu++14";
				CLANG_CXX_LIBRARY = "libc++";
				CLANG_ENABLE_MODULES = YES;
				CLANG_ENABLE_OBJC_ARC = YES;
				CLANG_WARN_BLOCK_CAPTURE_AUTORELEASING = YES;
				CLANG_WARN_BOOL_CONVERSION = YES;
				CLANG_WARN_COMMA = YES;
				CLANG_WARN_CONSTANT_CONVERSION = YES;
				CLANG_WARN_DIRECT_OBJC_ISA_USAGE = YES_ERROR;
				CLANG_WARN_DOCUMENTATION_COMMENTS = YES;
				CLANG_WARN_EMPTY_BODY = YES;
				CLANG_WARN_ENUM_CONVERSION = YES;
				CLANG_WARN_INFINITE_RECURSION = YES;
				CLANG_WARN_INT_CONVERSION = YES;
				CLANG_WARN_NON_LITERAL_NULL_CONVERSION = YES;
				CLANG_WARN_OBJC_LITERAL_CONVERSION = YES;
				CLANG_WARN_OBJC_ROOT_CLASS = YES_ERROR;
				CLANG_WARN_RANGE_LOOP_ANALYSIS = YES;
				CLANG_WARN_STRICT_PROTOTYPES = YES;
				CLANG_WARN_SUSPICIOUS_MOVE = YES;
				CLANG_WARN_UNGUARDED_AVAILABILITY = YES_AGGRESSIVE;
				CLANG_WARN_UNREACHABLE_CODE = YES;
				CLANG_WARN__DUPLICATE_METHOD_MATCH = YES;
				CODE_SIGN_IDENTITY = "iPhone Developer";
				COPY_PHASE_STRIP = NO;
				DEBUG_INFORMATION_FORMAT = dwarf;
				ENABLE_STRICT_OBJC_MSGSEND = YES;
				ENABLE_TESTABILITY = YES;
				GCC_C_LANGUAGE_STANDARD = gnu11;
				GCC_DYNAMIC_NO_PIC = NO;
				GCC_NO_COMMON_BLOCKS = YES;
				GCC_OPTIMIZATION_LEVEL = 0;
				GCC_PREPROCESSOR_DEFINITIONS = (
					"DEBUG=1",
					"$(inherited)",
				);
				GCC_WARN_64_TO_32_BIT_CONVERSION = YES;
				GCC_WARN_ABOUT_RETURN_TYPE = YES_ERROR;
				GCC_WARN_UNDECLARED_SELECTOR = YES;
				GCC_WARN_UNINITIALIZED_AUTOS = YES_AGGRESSIVE;
				GCC_WARN_UNUSED_FUNCTION = YES;
				GCC_WARN_UNUSED_VARIABLE = YES;
				IPHONEOS_DEPLOYMENT_TARGET = 11.0;
				MTL_ENABLE_DEBUG_INFO = YES;
				ONLY_ACTIVE_ARCH = YES;
				SDKROOT = iphoneos;
				SWIFT_ACTIVE_COMPILATION_CONDITIONS = DEBUG;
				SWIFT_OPTIMIZATION_LEVEL = "-Onone";
			};
			name = Debug;
		};
		EC3000E720976749005EC0C9 /* Release */ = {
			isa = XCBuildConfiguration;
			buildSettings = {
				ALWAYS_SEARCH_USER_PATHS = NO;
				CLANG_ANALYZER_NONNULL = YES;
				CLANG_ANALYZER_NUMBER_OBJECT_CONVERSION = YES_AGGRESSIVE;
				CLANG_CXX_LANGUAGE_STANDARD = "gnu++14";
				CLANG_CXX_LIBRARY = "libc++";
				CLANG_ENABLE_MODULES = YES;
				CLANG_ENABLE_OBJC_ARC = YES;
				CLANG_WARN_BLOCK_CAPTURE_AUTORELEASING = YES;
				CLANG_WARN_BOOL_CONVERSION = YES;
				CLANG_WARN_COMMA = YES;
				CLANG_WARN_CONSTANT_CONVERSION = YES;
				CLANG_WARN_DIRECT_OBJC_ISA_USAGE = YES_ERROR;
				CLANG_WARN_DOCUMENTATION_COMMENTS = YES;
				CLANG_WARN_EMPTY_BODY = YES;
				CLANG_WARN_ENUM_CONVERSION = YES;
				CLANG_WARN_INFINITE_RECURSION = YES;
				CLANG_WARN_INT_CONVERSION = YES;
				CLANG_WARN_NON_LITERAL_NULL_CONVERSION = YES;
				CLANG_WARN_OBJC_LITERAL_CONVERSION = YES;
				CLANG_WARN_OBJC_ROOT_CLASS = YES_ERROR;
				CLANG_WARN_RANGE_LOOP_ANALYSIS = YES;
				CLANG_WARN_STRICT_PROTOTYPES = YES;
				CLANG_WARN_SUSPICIOUS_MOVE = YES;
				CLANG_WARN_UNGUARDED_AVAILABILITY = YES_AGGRESSIVE;
				CLANG_WARN_UNREACHABLE_CODE = YES;
				CLANG_WARN__DUPLICATE_METHOD_MATCH = YES;
				CODE_SIGN_IDENTITY = "iPhone Developer";
				COPY_PHASE_STRIP = NO;
				DEBUG_INFORMATION_FORMAT = "dwarf-with-dsym";
				ENABLE_NS_ASSERTIONS = NO;
				ENABLE_STRICT_OBJC_MSGSEND = YES;
				GCC_C_LANGUAGE_STANDARD = gnu11;
				GCC_NO_COMMON_BLOCKS = YES;
				GCC_WARN_64_TO_32_BIT_CONVERSION = YES;
				GCC_WARN_ABOUT_RETURN_TYPE = YES_ERROR;
				GCC_WARN_UNDECLARED_SELECTOR = YES;
				GCC_WARN_UNINITIALIZED_AUTOS = YES_AGGRESSIVE;
				GCC_WARN_UNUSED_FUNCTION = YES;
				GCC_WARN_UNUSED_VARIABLE = YES;
				IPHONEOS_DEPLOYMENT_TARGET = 11.0;
				MTL_ENABLE_DEBUG_INFO = NO;
				SDKROOT = iphoneos;
				SWIFT_OPTIMIZATION_LEVEL = "-Owholemodule";
				VALIDATE_PRODUCT = YES;
			};
			name = Release;
		};
		EC3000E920976749005EC0C9 /* Debug */ = {
			isa = XCBuildConfiguration;
			baseConfigurationReference = 0B02ECF762FF07588861F1D8 /* Pods-Memechat-Frontend.debug.xcconfig */;
			buildSettings = {
				ASSETCATALOG_COMPILER_APPICON_NAME = AppIcon;
				CODE_SIGN_STYLE = Automatic;
				INFOPLIST_FILE = "Memechat-Frontend/Info.plist";
				LD_RUNPATH_SEARCH_PATHS = "$(inherited) @executable_path/Frameworks";
				PRODUCT_BUNDLE_IDENTIFIER = "com.makeschool.Memechat-Frontend";
				PRODUCT_NAME = "$(TARGET_NAME)";
				SWIFT_OBJC_BRIDGING_HEADER = "Bridging-Header.h";
				SWIFT_VERSION = 4.0;
				TARGETED_DEVICE_FAMILY = "1,2";
			};
			name = Debug;
		};
		EC3000EA20976749005EC0C9 /* Release */ = {
			isa = XCBuildConfiguration;
			baseConfigurationReference = 68E9DD2D73FE1214ACA9A6FF /* Pods-Memechat-Frontend.release.xcconfig */;
			buildSettings = {
				ASSETCATALOG_COMPILER_APPICON_NAME = AppIcon;
				CODE_SIGN_STYLE = Automatic;
				INFOPLIST_FILE = "Memechat-Frontend/Info.plist";
				LD_RUNPATH_SEARCH_PATHS = "$(inherited) @executable_path/Frameworks";
				PRODUCT_BUNDLE_IDENTIFIER = "com.makeschool.Memechat-Frontend";
				PRODUCT_NAME = "$(TARGET_NAME)";
				SWIFT_OBJC_BRIDGING_HEADER = "Bridging-Header.h";
				SWIFT_VERSION = 4.0;
				TARGETED_DEVICE_FAMILY = "1,2";
			};
			name = Release;
		};
/* End XCBuildConfiguration section */

/* Begin XCConfigurationList section */
		EC3000D120976749005EC0C9 /* Build configuration list for PBXProject "Memechat-Frontend" */ = {
			isa = XCConfigurationList;
			buildConfigurations = (
				EC3000E620976749005EC0C9 /* Debug */,
				EC3000E720976749005EC0C9 /* Release */,
			);
			defaultConfigurationIsVisible = 0;
			defaultConfigurationName = Release;
		};
		EC3000E820976749005EC0C9 /* Build configuration list for PBXNativeTarget "Memechat-Frontend" */ = {
			isa = XCConfigurationList;
			buildConfigurations = (
				EC3000E920976749005EC0C9 /* Debug */,
				EC3000EA20976749005EC0C9 /* Release */,
			);
			defaultConfigurationIsVisible = 0;
			defaultConfigurationName = Release;
		};
/* End XCConfigurationList section */
	};
	rootObject = EC3000CE20976749005EC0C9 /* Project object */;
}
